
Microsoft Visual Studio Solution File, Format Version 12.00
# Visual Studio 15
VisualStudioVersion = 15.0.26430.4
MinimumVisualStudioVersion = 10.0.40219.1
Project("{9A19103F-16F7-4668-BE54-9A1E7A4F7556}") = "dotnetOQS", "dotnetOQS\dotnetOQS.csproj", "{67C5F311-EA3F-4066-95CD-6EA65FB40AF1}"
EndProject
Project("{9A19103F-16F7-4668-BE54-9A1E7A4F7556}") = "dotnetOQSSample", "dotnetOQSSample\dotnetOQSSample.csproj", "{9EAE93F0-05BA-4872-A06E-A7ED68B1A0C5}"
EndProject
Project("{9A19103F-16F7-4668-BE54-9A1E7A4F7556}") = "dotnetOQSUnitTest", "dotnetOQSUnitTest\dotnetOQSUnitTest.csproj", "{BAC89922-1E41-4617-998C-B661426ED102}"
EndProject
Global
	GlobalSection(SolutionConfigurationPlatforms) = preSolution
		Debug|Any CPU = Debug|Any CPU
		Debug|x64 = Debug|x64
		Debug|x86 = Debug|x86
		Release|Any CPU = Release|Any CPU
		Release|x64 = Release|x64
		Release|x86 = Release|x86
	EndGlobalSection
	GlobalSection(ProjectConfigurationPlatforms) = postSolution
		{67C5F311-EA3F-4066-95CD-6EA65FB40AF1}.Debug|Any CPU.ActiveCfg = Debug|Any CPU
		{67C5F311-EA3F-4066-95CD-6EA65FB40AF1}.Debug|Any CPU.Build.0 = Debug|Any CPU
		{67C5F311-EA3F-4066-95CD-6EA65FB40AF1}.Debug|x64.ActiveCfg = Debug|Any CPU
		{67C5F311-EA3F-4066-95CD-6EA65FB40AF1}.Debug|x64.Build.0 = Debug|Any CPU
		{67C5F311-EA3F-4066-95CD-6EA65FB40AF1}.Debug|x86.ActiveCfg = Debug|Any CPU
		{67C5F311-EA3F-4066-95CD-6EA65FB40AF1}.Debug|x86.Build.0 = Debug|Any CPU
		{67C5F311-EA3F-4066-95CD-6EA65FB40AF1}.Release|Any CPU.ActiveCfg = Release|Any CPU
		{67C5F311-EA3F-4066-95CD-6EA65FB40AF1}.Release|Any CPU.Build.0 = Release|Any CPU
		{67C5F311-EA3F-4066-95CD-6EA65FB40AF1}.Release|x64.ActiveCfg = Release|Any CPU
		{67C5F311-EA3F-4066-95CD-6EA65FB40AF1}.Release|x64.Build.0 = Release|Any CPU
		{67C5F311-EA3F-4066-95CD-6EA65FB40AF1}.Release|x86.ActiveCfg = Release|Any CPU
		{67C5F311-EA3F-4066-95CD-6EA65FB40AF1}.Release|x86.Build.0 = Release|Any CPU
		{9EAE93F0-05BA-4872-A06E-A7ED68B1A0C5}.Debug|Any CPU.ActiveCfg = Debug|Any CPU
		{9EAE93F0-05BA-4872-A06E-A7ED68B1A0C5}.Debug|Any CPU.Build.0 = Debug|Any CPU
		{9EAE93F0-05BA-4872-A06E-A7ED68B1A0C5}.Debug|x64.ActiveCfg = Debug|Any CPU
		{9EAE93F0-05BA-4872-A06E-A7ED68B1A0C5}.Debug|x64.Build.0 = Debug|Any CPU
		{9EAE93F0-05BA-4872-A06E-A7ED68B1A0C5}.Debug|x86.ActiveCfg = Debug|Any CPU
		{9EAE93F0-05BA-4872-A06E-A7ED68B1A0C5}.Debug|x86.Build.0 = Debug|Any CPU
		{9EAE93F0-05BA-4872-A06E-A7ED68B1A0C5}.Release|Any CPU.ActiveCfg = Release|Any CPU
		{9EAE93F0-05BA-4872-A06E-A7ED68B1A0C5}.Release|Any CPU.Build.0 = Release|Any CPU
		{9EAE93F0-05BA-4872-A06E-A7ED68B1A0C5}.Release|x64.ActiveCfg = Release|Any CPU
		{9EAE93F0-05BA-4872-A06E-A7ED68B1A0C5}.Release|x64.Build.0 = Release|Any CPU
		{9EAE93F0-05BA-4872-A06E-A7ED68B1A0C5}.Release|x86.ActiveCfg = Release|Any CPU
		{9EAE93F0-05BA-4872-A06E-A7ED68B1A0C5}.Release|x86.Build.0 = Release|Any CPU
		{BAC89922-1E41-4617-998C-B661426ED102}.Debug|Any CPU.ActiveCfg = Debug|Any CPU
		{BAC89922-1E41-4617-998C-B661426ED102}.Debug|Any CPU.Build.0 = Debug|Any CPU
		{BAC89922-1E41-4617-998C-B661426ED102}.Debug|x64.ActiveCfg = Debug|Any CPU
		{BAC89922-1E41-4617-998C-B661426ED102}.Debug|x64.Build.0 = Debug|Any CPU
		{BAC89922-1E41-4617-998C-B661426ED102}.Debug|x86.ActiveCfg = Debug|Any CPU
		{BAC89922-1E41-4617-998C-B661426ED102}.Debug|x86.Build.0 = Debug|Any CPU
		{BAC89922-1E41-4617-998C-B661426ED102}.Release|Any CPU.ActiveCfg = Release|Any CPU
		{BAC89922-1E41-4617-998C-B661426ED102}.Release|Any CPU.Build.0 = Release|Any CPU
		{BAC89922-1E41-4617-998C-B661426ED102}.Release|x64.ActiveCfg = Release|Any CPU
		{BAC89922-1E41-4617-998C-B661426ED102}.Release|x64.Build.0 = Release|Any CPU
		{BAC89922-1E41-4617-998C-B661426ED102}.Release|x86.ActiveCfg = Release|Any CPU
		{BAC89922-1E41-4617-998C-B661426ED102}.Release|x86.Build.0 = Release|Any CPU
	EndGlobalSection
	GlobalSection(SolutionProperties) = preSolution
		HideSolutionNode = FALSE
	EndGlobalSection
EndGlobal
